<?xml version="1.0" encoding="utf-8"?>
<Project ToolsVersion="4.0" xmlns="http://schemas.microsoft.com/developer/msbuild/2003">
  <ItemGroup>
    <Filter Include="Исходные файлы">
      <UniqueIdentifier>{4FC737F1-C7A5-4376-A066-2A32D752A2FF}</UniqueIdentifier>
      <Extensions>cpp;c;cc;cxx;def;odl;idl;hpj;bat;asm;asmx</Extensions>
    </Filter>
    <Filter Include="headers">
      <UniqueIdentifier>{d27aae5c-c815-4086-b5e4-4c33ffb4efb8}</UniqueIdentifier>
    </Filter>
    <Filter Include="sourse">
      <UniqueIdentifier>{712863e0-900a-439c-a1d9-1389522db25e}</UniqueIdentifier>
    </Filter>
  </ItemGroup>
  <ItemGroup>
    <ClCompile Include="Lex_analyzer.cpp">
      <Filter>sourse</Filter>
    </ClCompile>
    <ClCompile Include="main.cpp">
      <Filter>sourse</Filter>
    </ClCompile>
    <ClCompile Include="parser.cpp">
      <Filter>sourse</Filter>
    </ClCompile>
  </ItemGroup>
  <ItemGroup>
    <ClInclude Include="Lex_analyzer.h">
      <Filter>headers</Filter>
    </ClInclude>
    <ClInclude Include="parser.h">
      <Filter>headers</Filter>
    </ClInclude>
    <ClInclude Include="Limits.h">
      <Filter>headers</Filter>
    </ClInclude>
  </ItemGroup>
</Project>